// !$*UTF8*$!
{
	archiveVersion = 1;
	classes = {
	};
	objectVersion = 55;
	objects = {

/* Begin PBXBuildFile section */
		5561605227B6ABA500CF3F34 /* FlickrSearchApp.swift in Sources */ = {isa = PBXBuildFile; fileRef = 5561605127B6ABA500CF3F34 /* FlickrSearchApp.swift */; };
		5561605427B6ABA500CF3F34 /* ContentView.swift in Sources */ = {isa = PBXBuildFile; fileRef = 5561605327B6ABA500CF3F34 /* ContentView.swift */; };
		5561605627B6ABA800CF3F34 /* Assets.xcassets in Resources */ = {isa = PBXBuildFile; fileRef = 5561605527B6ABA800CF3F34 /* Assets.xcassets */; };
		5561605927B6ABA800CF3F34 /* Preview Assets.xcassets in Resources */ = {isa = PBXBuildFile; fileRef = 5561605827B6ABA800CF3F34 /* Preview Assets.xcassets */; };
		5561606327B6ABA800CF3F34 /* FlickrSearchTests.swift in Sources */ = {isa = PBXBuildFile; fileRef = 5561606227B6ABA800CF3F34 /* FlickrSearchTests.swift */; };
		5561606D27B6ABA800CF3F34 /* FlickrSearchUITests.swift in Sources */ = {isa = PBXBuildFile; fileRef = 5561606C27B6ABA800CF3F34 /* FlickrSearchUITests.swift */; };
		5561606F27B6ABA800CF3F34 /* FlickrSearchUITestsLaunchTests.swift in Sources */ = {isa = PBXBuildFile; fileRef = 5561606E27B6ABA800CF3F34 /* FlickrSearchUITestsLaunchTests.swift */; };
		5561607C27B6AE3E00CF3F34 /* Flickr.swift in Sources */ = {isa = PBXBuildFile; fileRef = 5561607B27B6AE3E00CF3F34 /* Flickr.swift */; };
		5561607E27B6AE6400CF3F34 /* FlickrService.swift in Sources */ = {isa = PBXBuildFile; fileRef = 5561607D27B6AE6400CF3F34 /* FlickrService.swift */; };
		5561608027B6B05500CF3F34 /* FlickrServiceHandler.swift in Sources */ = {isa = PBXBuildFile; fileRef = 5561607F27B6B05500CF3F34 /* FlickrServiceHandler.swift */; };
		5561608227B6C3E300CF3F34 /* PhotoView.swift in Sources */ = {isa = PBXBuildFile; fileRef = 5561608127B6C3E300CF3F34 /* PhotoView.swift */; };
		5561608427B6D63B00CF3F34 /* PhotosModel.swift in Sources */ = {isa = PBXBuildFile; fileRef = 5561608327B6D63B00CF3F34 /* PhotosModel.swift */; };
		5561608627B6DDE200CF3F34 /* PhotoDates.swift in Sources */ = {isa = PBXBuildFile; fileRef = 5561608527B6DDE200CF3F34 /* PhotoDates.swift */; };
		5561608827B6E9F700CF3F34 /* PhotosModelTests.swift in Sources */ = {isa = PBXBuildFile; fileRef = 5561608727B6E9F700CF3F34 /* PhotosModelTests.swift */; };
		5564F1F027BBFE9000319DE7 /* TextFieldWithDebounce.swift in Sources */ = {isa = PBXBuildFile; fileRef = 5564F1EF27BBFE9000319DE7 /* TextFieldWithDebounce.swift */; };
		5564F1F227BBFF4500319DE7 /* PhotoItemView.swift in Sources */ = {isa = PBXBuildFile; fileRef = 5564F1F127BBFF4500319DE7 /* PhotoItemView.swift */; };
		5564F1F627BC0BB700319DE7 /* Extensions.swift in Sources */ = {isa = PBXBuildFile; fileRef = 5564F1F527BC0BB700319DE7 /* Extensions.swift */; };
		5564F1FD27BC33C500319DE7 /* 51861868789_8eb044c624_z.jpg in Resources */ = {isa = PBXBuildFile; fileRef = 5564F1F727BC33C500319DE7 /* 51861868789_8eb044c624_z.jpg */; };
		5564F1FE27BC33C500319DE7 /* 51861538056_63d8c1f0d6_q.jpg in Resources */ = {isa = PBXBuildFile; fileRef = 5564F1F827BC33C500319DE7 /* 51861538056_63d8c1f0d6_q.jpg */; };
		5564F1FF27BC33C500319DE7 /* 51861538056_63d8c1f0d6_m.jpg in Resources */ = {isa = PBXBuildFile; fileRef = 5564F1F927BC33C500319DE7 /* 51861538056_63d8c1f0d6_m.jpg */; };
		5564F20027BC33C500319DE7 /* 51861868789_8eb044c624_m.jpg in Resources */ = {isa = PBXBuildFile; fileRef = 5564F1FA27BC33C500319DE7 /* 51861868789_8eb044c624_m.jpg */; };
		5564F20127BC33C500319DE7 /* 51861868789_8eb044c624_q.jpg in Resources */ = {isa = PBXBuildFile; fileRef = 5564F1FB27BC33C500319DE7 /* 51861868789_8eb044c624_q.jpg */; };
		5564F20227BC33C500319DE7 /* 51861538056_63d8c1f0d6_z.jpg in Resources */ = {isa = PBXBuildFile; fileRef = 5564F1FC27BC33C500319DE7 /* 51861538056_63d8c1f0d6_z.jpg */; };
		5564F20427BC357700319DE7 /* ImageDataLoader.swift in Sources */ = {isa = PBXBuildFile; fileRef = 5564F20327BC357700319DE7 /* ImageDataLoader.swift */; };
		556A943727B7682F0093AD7C /* PhotoItemTests.swift in Sources */ = {isa = PBXBuildFile; fileRef = 556A943627B7682F0093AD7C /* PhotoItemTests.swift */; };
		556A943927B851F00093AD7C /* PhotoItem.swift in Sources */ = {isa = PBXBuildFile; fileRef = 556A943827B851F00093AD7C /* PhotoItem.swift */; };
		556A943B27B8B8D30093AD7C /* FlickrRestService.swift in Sources */ = {isa = PBXBuildFile; fileRef = 556A943A27B8B8D30093AD7C /* FlickrRestService.swift */; };
		556A943D27B972790093AD7C /* NetworkServices.swift in Sources */ = {isa = PBXBuildFile; fileRef = 556A943C27B972790093AD7C /* NetworkServices.swift */; };
		556A943F27BAE8570093AD7C /* 51851098944_7a65509216_z.jpg in Resources */ = {isa = PBXBuildFile; fileRef = 556A943E27BAE8560093AD7C /* 51851098944_7a65509216_z.jpg */; };
		556A944727BB56AA0093AD7C /* ImageView.swift in Sources */ = {isa = PBXBuildFile; fileRef = 556A944627BB56AA0093AD7C /* ImageView.swift */; };
/* End PBXBuildFile section */

/* Begin PBXContainerItemProxy section */
		5561605F27B6ABA800CF3F34 /* PBXContainerItemProxy */ = {
			isa = PBXContainerItemProxy;
			containerPortal = 5561604627B6ABA500CF3F34 /* Project object */;
			proxyType = 1;
			remoteGlobalIDString = 5561604D27B6ABA500CF3F34;
			remoteInfo = FlickrSearch;
		};
		5561606927B6ABA800CF3F34 /* PBXContainerItemProxy */ = {
			isa = PBXContainerItemProxy;
			containerPortal = 5561604627B6ABA500CF3F34 /* Project object */;
			proxyType = 1;
			remoteGlobalIDString = 5561604D27B6ABA500CF3F34;
			remoteInfo = FlickrSearch;
		};
/* End PBXContainerItemProxy section */

/* Begin PBXFileReference section */
		5561604E27B6ABA500CF3F34 /* FlickrSearch.app */ = {isa = PBXFileReference; explicitFileType = wrapper.application; includeInIndex = 0; path = FlickrSearch.app; sourceTree = BUILT_PRODUCTS_DIR; };
		5561605127B6ABA500CF3F34 /* FlickrSearchApp.swift */ = {isa = PBXFileReference; lastKnownFileType = sourcecode.swift; path = FlickrSearchApp.swift; sourceTree = "<group>"; };
		5561605327B6ABA500CF3F34 /* ContentView.swift */ = {isa = PBXFileReference; lastKnownFileType = sourcecode.swift; path = ContentView.swift; sourceTree = "<group>"; };
		5561605527B6ABA800CF3F34 /* Assets.xcassets */ = {isa = PBXFileReference; lastKnownFileType = folder.assetcatalog; path = Assets.xcassets; sourceTree = "<group>"; };
		5561605827B6ABA800CF3F34 /* Preview Assets.xcassets */ = {isa = PBXFileReference; lastKnownFileType = folder.assetcatalog; path = "Preview Assets.xcassets"; sourceTree = "<group>"; };
		5561605E27B6ABA800CF3F34 /* FlickrSearchTests.xctest */ = {isa = PBXFileReference; explicitFileType = wrapper.cfbundle; includeInIndex = 0; path = FlickrSearchTests.xctest; sourceTree = BUILT_PRODUCTS_DIR; };
		5561606227B6ABA800CF3F34 /* FlickrSearchTests.swift */ = {isa = PBXFileReference; lastKnownFileType = sourcecode.swift; path = FlickrSearchTests.swift; sourceTree = "<group>"; };
		5561606827B6ABA800CF3F34 /* FlickrSearchUITests.xctest */ = {isa = PBXFileReference; explicitFileType = wrapper.cfbundle; includeInIndex = 0; path = FlickrSearchUITests.xctest; sourceTree = BUILT_PRODUCTS_DIR; };
		5561606C27B6ABA800CF3F34 /* FlickrSearchUITests.swift */ = {isa = PBXFileReference; lastKnownFileType = sourcecode.swift; path = FlickrSearchUITests.swift; sourceTree = "<group>"; };
		5561606E27B6ABA800CF3F34 /* FlickrSearchUITestsLaunchTests.swift */ = {isa = PBXFileReference; lastKnownFileType = sourcecode.swift; path = FlickrSearchUITestsLaunchTests.swift; sourceTree = "<group>"; };
		5561607B27B6AE3E00CF3F34 /* Flickr.swift */ = {isa = PBXFileReference; lastKnownFileType = sourcecode.swift; path = Flickr.swift; sourceTree = "<group>"; };
		5561607D27B6AE6400CF3F34 /* FlickrService.swift */ = {isa = PBXFileReference; lastKnownFileType = sourcecode.swift; path = FlickrService.swift; sourceTree = "<group>"; };
		5561607F27B6B05500CF3F34 /* FlickrServiceHandler.swift */ = {isa = PBXFileReference; lastKnownFileType = sourcecode.swift; path = FlickrServiceHandler.swift; sourceTree = "<group>"; };
		5561608127B6C3E300CF3F34 /* PhotoView.swift */ = {isa = PBXFileReference; lastKnownFileType = sourcecode.swift; path = PhotoView.swift; sourceTree = "<group>"; };
		5561608327B6D63B00CF3F34 /* PhotosModel.swift */ = {isa = PBXFileReference; lastKnownFileType = sourcecode.swift; path = PhotosModel.swift; sourceTree = "<group>"; };
		5561608527B6DDE200CF3F34 /* PhotoDates.swift */ = {isa = PBXFileReference; lastKnownFileType = sourcecode.swift; path = PhotoDates.swift; sourceTree = "<group>"; };
		5561608727B6E9F700CF3F34 /* PhotosModelTests.swift */ = {isa = PBXFileReference; lastKnownFileType = sourcecode.swift; path = PhotosModelTests.swift; sourceTree = "<group>"; };
		5564F1EF27BBFE9000319DE7 /* TextFieldWithDebounce.swift */ = {isa = PBXFileReference; lastKnownFileType = sourcecode.swift; path = TextFieldWithDebounce.swift; sourceTree = "<group>"; };
		5564F1F127BBFF4500319DE7 /* PhotoItemView.swift */ = {isa = PBXFileReference; lastKnownFileType = sourcecode.swift; path = PhotoItemView.swift; sourceTree = "<group>"; };
		5564F1F527BC0BB700319DE7 /* Extensions.swift */ = {isa = PBXFileReference; lastKnownFileType = sourcecode.swift; path = Extensions.swift; sourceTree = "<group>"; };
		5564F1F727BC33C500319DE7 /* 51861868789_8eb044c624_z.jpg */ = {isa = PBXFileReference; lastKnownFileType = image.jpeg; name = 51861868789_8eb044c624_z.jpg; path = ../../../../../Downloads/51861868789_8eb044c624_z.jpg; sourceTree = "<group>"; };
		5564F1F827BC33C500319DE7 /* 51861538056_63d8c1f0d6_q.jpg */ = {isa = PBXFileReference; lastKnownFileType = image.jpeg; name = 51861538056_63d8c1f0d6_q.jpg; path = ../../../../../Downloads/51861538056_63d8c1f0d6_q.jpg; sourceTree = "<group>"; };
		5564F1F927BC33C500319DE7 /* 51861538056_63d8c1f0d6_m.jpg */ = {isa = PBXFileReference; lastKnownFileType = image.jpeg; name = 51861538056_63d8c1f0d6_m.jpg; path = ../../../../../Downloads/51861538056_63d8c1f0d6_m.jpg; sourceTree = "<group>"; };
		5564F1FA27BC33C500319DE7 /* 51861868789_8eb044c624_m.jpg */ = {isa = PBXFileReference; lastKnownFileType = image.jpeg; path = 51861868789_8eb044c624_m.jpg; sourceTree = "<group>"; };
		5564F1FB27BC33C500319DE7 /* 51861868789_8eb044c624_q.jpg */ = {isa = PBXFileReference; lastKnownFileType = image.jpeg; path = 51861868789_8eb044c624_q.jpg; sourceTree = "<group>"; };
		5564F1FC27BC33C500319DE7 /* 51861538056_63d8c1f0d6_z.jpg */ = {isa = PBXFileReference; lastKnownFileType = image.jpeg; name = 51861538056_63d8c1f0d6_z.jpg; path = ../../../../../Downloads/51861538056_63d8c1f0d6_z.jpg; sourceTree = "<group>"; };
		5564F20327BC357700319DE7 /* ImageDataLoader.swift */ = {isa = PBXFileReference; lastKnownFileType = sourcecode.swift; path = ImageDataLoader.swift; sourceTree = "<group>"; };
		556A943627B7682F0093AD7C /* PhotoItemTests.swift */ = {isa = PBXFileReference; lastKnownFileType = sourcecode.swift; path = PhotoItemTests.swift; sourceTree = "<group>"; };
		556A943827B851F00093AD7C /* PhotoItem.swift */ = {isa = PBXFileReference; lastKnownFileType = sourcecode.swift; path = PhotoItem.swift; sourceTree = "<group>"; };
		556A943A27B8B8D30093AD7C /* FlickrRestService.swift */ = {isa = PBXFileReference; lastKnownFileType = sourcecode.swift; path = FlickrRestService.swift; sourceTree = "<group>"; };
		556A943C27B972790093AD7C /* NetworkServices.swift */ = {isa = PBXFileReference; lastKnownFileType = sourcecode.swift; path = NetworkServices.swift; sourceTree = "<group>"; };
		556A943E27BAE8560093AD7C /* 51851098944_7a65509216_z.jpg */ = {isa = PBXFileReference; lastKnownFileType = image.jpeg; path = 51851098944_7a65509216_z.jpg; sourceTree = "<group>"; };
		556A944627BB56AA0093AD7C /* ImageView.swift */ = {isa = PBXFileReference; lastKnownFileType = sourcecode.swift; path = ImageView.swift; sourceTree = "<group>"; };
/* End PBXFileReference section */

/* Begin PBXFrameworksBuildPhase section */
		5561604B27B6ABA500CF3F34 /* Frameworks */ = {
			isa = PBXFrameworksBuildPhase;
			buildActionMask = 2147483647;
			files = (
			);
			runOnlyForDeploymentPostprocessing = 0;
		};
		5561605B27B6ABA800CF3F34 /* Frameworks */ = {
			isa = PBXFrameworksBuildPhase;
			buildActionMask = 2147483647;
			files = (
			);
			runOnlyForDeploymentPostprocessing = 0;
		};
		5561606527B6ABA800CF3F34 /* Frameworks */ = {
			isa = PBXFrameworksBuildPhase;
			buildActionMask = 2147483647;
			files = (
			);
			runOnlyForDeploymentPostprocessing = 0;
		};
/* End PBXFrameworksBuildPhase section */

/* Begin PBXGroup section */
		5561604527B6ABA500CF3F34 = {
			isa = PBXGroup;
			children = (
				5561605027B6ABA500CF3F34 /* FlickrSearch */,
				5561606127B6ABA800CF3F34 /* FlickrSearchTests */,
				5561606B27B6ABA800CF3F34 /* FlickrSearchUITests */,
				5561604F27B6ABA500CF3F34 /* Products */,
			);
			sourceTree = "<group>";
		};
		5561604F27B6ABA500CF3F34 /* Products */ = {
			isa = PBXGroup;
			children = (
				5561604E27B6ABA500CF3F34 /* FlickrSearch.app */,
				5561605E27B6ABA800CF3F34 /* FlickrSearchTests.xctest */,
				5561606827B6ABA800CF3F34 /* FlickrSearchUITests.xctest */,
			);
			name = Products;
			sourceTree = "<group>";
		};
		5561605027B6ABA500CF3F34 /* FlickrSearch */ = {
			isa = PBXGroup;
			children = (
				5561605127B6ABA500CF3F34 /* FlickrSearchApp.swift */,
				5561605527B6ABA800CF3F34 /* Assets.xcassets */,
				5561605727B6ABA800CF3F34 /* Preview Content */,
				556A943327B70D190093AD7C /* Views */,
				556A943427B70D370093AD7C /* Models */,
				556A943527B70D460093AD7C /* Service */,
				5564F1F527BC0BB700319DE7 /* Extensions.swift */,
				5564F20327BC357700319DE7 /* ImageDataLoader.swift */,
			);
			path = FlickrSearch;
			sourceTree = "<group>";
		};
		5561605727B6ABA800CF3F34 /* Preview Content */ = {
			isa = PBXGroup;
			children = (
				5561605827B6ABA800CF3F34 /* Preview Assets.xcassets */,
				5564F1F927BC33C500319DE7 /* 51861538056_63d8c1f0d6_m.jpg */,
				5564F1F827BC33C500319DE7 /* 51861538056_63d8c1f0d6_q.jpg */,
				5564F1FC27BC33C500319DE7 /* 51861538056_63d8c1f0d6_z.jpg */,
				5564F1FA27BC33C500319DE7 /* 51861868789_8eb044c624_m.jpg */,
				5564F1FB27BC33C500319DE7 /* 51861868789_8eb044c624_q.jpg */,
				5564F1F727BC33C500319DE7 /* 51861868789_8eb044c624_z.jpg */,
				556A943E27BAE8560093AD7C /* 51851098944_7a65509216_z.jpg */,
			);
			path = "Preview Content";
			sourceTree = "<group>";
		};
		5561606127B6ABA800CF3F34 /* FlickrSearchTests */ = {
			isa = PBXGroup;
			children = (
				5561606227B6ABA800CF3F34 /* FlickrSearchTests.swift */,
				5561608727B6E9F700CF3F34 /* PhotosModelTests.swift */,
				556A943627B7682F0093AD7C /* PhotoItemTests.swift */,
			);
			path = FlickrSearchTests;
			sourceTree = "<group>";
		};
		5561606B27B6ABA800CF3F34 /* FlickrSearchUITests */ = {
			isa = PBXGroup;
			children = (
				5561606C27B6ABA800CF3F34 /* FlickrSearchUITests.swift */,
				5561606E27B6ABA800CF3F34 /* FlickrSearchUITestsLaunchTests.swift */,
			);
			path = FlickrSearchUITests;
			sourceTree = "<group>";
		};
		556A943327B70D190093AD7C /* Views */ = {
			isa = PBXGroup;
			children = (
				5561605327B6ABA500CF3F34 /* ContentView.swift */,
				5561608127B6C3E300CF3F34 /* PhotoView.swift */,
				556A944627BB56AA0093AD7C /* ImageView.swift */,
				5564F1EF27BBFE9000319DE7 /* TextFieldWithDebounce.swift */,
				5564F1F127BBFF4500319DE7 /* PhotoItemView.swift */,
			);
			path = Views;
			sourceTree = "<group>";
		};
		556A943427B70D370093AD7C /* Models */ = {
			isa = PBXGroup;
			children = (
				5561607B27B6AE3E00CF3F34 /* Flickr.swift */,
				556A943827B851F00093AD7C /* PhotoItem.swift */,
				5561608327B6D63B00CF3F34 /* PhotosModel.swift */,
			);
			path = Models;
			sourceTree = "<group>";
		};
		556A943527B70D460093AD7C /* Service */ = {
			isa = PBXGroup;
			children = (
				5561608527B6DDE200CF3F34 /* PhotoDates.swift */,
				5561607D27B6AE6400CF3F34 /* FlickrService.swift */,
				5561607F27B6B05500CF3F34 /* FlickrServiceHandler.swift */,
				556A943A27B8B8D30093AD7C /* FlickrRestService.swift */,
				556A943C27B972790093AD7C /* NetworkServices.swift */,
			);
			path = Service;
			sourceTree = "<group>";
		};
/* End PBXGroup section */

/* Begin PBXNativeTarget section */
		5561604D27B6ABA500CF3F34 /* FlickrSearch */ = {
			isa = PBXNativeTarget;
			buildConfigurationList = 5561607227B6ABA800CF3F34 /* Build configuration list for PBXNativeTarget "FlickrSearch" */;
			buildPhases = (
				5561604A27B6ABA500CF3F34 /* Sources */,
				5561604B27B6ABA500CF3F34 /* Frameworks */,
				5561604C27B6ABA500CF3F34 /* Resources */,
			);
			buildRules = (
			);
			dependencies = (
			);
			name = FlickrSearch;
			productName = FlickrSearch;
			productReference = 5561604E27B6ABA500CF3F34 /* FlickrSearch.app */;
			productType = "com.apple.product-type.application";
		};
		5561605D27B6ABA800CF3F34 /* FlickrSearchTests */ = {
			isa = PBXNativeTarget;
			buildConfigurationList = 5561607527B6ABA800CF3F34 /* Build configuration list for PBXNativeTarget "FlickrSearchTests" */;
			buildPhases = (
				5561605A27B6ABA800CF3F34 /* Sources */,
				5561605B27B6ABA800CF3F34 /* Frameworks */,
				5561605C27B6ABA800CF3F34 /* Resources */,
			);
			buildRules = (
			);
			dependencies = (
				5561606027B6ABA800CF3F34 /* PBXTargetDependency */,
			);
			name = FlickrSearchTests;
			productName = FlickrSearchTests;
			productReference = 5561605E27B6ABA800CF3F34 /* FlickrSearchTests.xctest */;
			productType = "com.apple.product-type.bundle.unit-test";
		};
		5561606727B6ABA800CF3F34 /* FlickrSearchUITests */ = {
			isa = PBXNativeTarget;
			buildConfigurationList = 5561607827B6ABA800CF3F34 /* Build configuration list for PBXNativeTarget "FlickrSearchUITests" */;
			buildPhases = (
				5561606427B6ABA800CF3F34 /* Sources */,
				5561606527B6ABA800CF3F34 /* Frameworks */,
				5561606627B6ABA800CF3F34 /* Resources */,
			);
			buildRules = (
			);
			dependencies = (
				5561606A27B6ABA800CF3F34 /* PBXTargetDependency */,
			);
			name = FlickrSearchUITests;
			productName = FlickrSearchUITests;
			productReference = 5561606827B6ABA800CF3F34 /* FlickrSearchUITests.xctest */;
			productType = "com.apple.product-type.bundle.ui-testing";
		};
/* End PBXNativeTarget section */

/* Begin PBXProject section */
		5561604627B6ABA500CF3F34 /* Project object */ = {
			isa = PBXProject;
			attributes = {
				BuildIndependentTargetsInParallel = 1;
				LastSwiftUpdateCheck = 1320;
				LastUpgradeCheck = 1320;
				TargetAttributes = {
					5561604D27B6ABA500CF3F34 = {
						CreatedOnToolsVersion = 13.2.1;
					};
					5561605D27B6ABA800CF3F34 = {
						CreatedOnToolsVersion = 13.2.1;
						TestTargetID = 5561604D27B6ABA500CF3F34;
					};
					5561606727B6ABA800CF3F34 = {
						CreatedOnToolsVersion = 13.2.1;
						TestTargetID = 5561604D27B6ABA500CF3F34;
					};
				};
			};
			buildConfigurationList = 5561604927B6ABA500CF3F34 /* Build configuration list for PBXProject "FlickrSearch" */;
			compatibilityVersion = "Xcode 13.0";
			developmentRegion = en;
			hasScannedForEncodings = 0;
			knownRegions = (
				en,
				Base,
			);
			mainGroup = 5561604527B6ABA500CF3F34;
			productRefGroup = 5561604F27B6ABA500CF3F34 /* Products */;
			projectDirPath = "";
			projectRoot = "";
			targets = (
				5561604D27B6ABA500CF3F34 /* FlickrSearch */,
				5561605D27B6ABA800CF3F34 /* FlickrSearchTests */,
				5561606727B6ABA800CF3F34 /* FlickrSearchUITests */,
			);
		};
/* End PBXProject section */

/* Begin PBXResourcesBuildPhase section */
		5561604C27B6ABA500CF3F34 /* Resources */ = {
			isa = PBXResourcesBuildPhase;
			buildActionMask = 2147483647;
			files = (
				5564F1FD27BC33C500319DE7 /* 51861868789_8eb044c624_z.jpg in Resources */,
				5564F1FE27BC33C500319DE7 /* 51861538056_63d8c1f0d6_q.jpg in Resources */,
				5561605927B6ABA800CF3F34 /* Preview Assets.xcassets in Resources */,
				5561605627B6ABA800CF3F34 /* Assets.xcassets in Resources */,
				5564F20027BC33C500319DE7 /* 51861868789_8eb044c624_m.jpg in Resources */,
				556A943F27BAE8570093AD7C /* 51851098944_7a65509216_z.jpg in Resources */,
				5564F1FF27BC33C500319DE7 /* 51861538056_63d8c1f0d6_m.jpg in Resources */,
				5564F20127BC33C500319DE7 /* 51861868789_8eb044c624_q.jpg in Resources */,
				5564F20227BC33C500319DE7 /* 51861538056_63d8c1f0d6_z.jpg in Resources */,
			);
			runOnlyForDeploymentPostprocessing = 0;
		};
		5561605C27B6ABA800CF3F34 /* Resources */ = {
			isa = PBXResourcesBuildPhase;
			buildActionMask = 2147483647;
			files = (
			);
			runOnlyForDeploymentPostprocessing = 0;
		};
		5561606627B6ABA800CF3F34 /* Resources */ = {
			isa = PBXResourcesBuildPhase;
			buildActionMask = 2147483647;
			files = (
			);
			runOnlyForDeploymentPostprocessing = 0;
		};
/* End PBXResourcesBuildPhase section */

/* Begin PBXSourcesBuildPhase section */
		5561604A27B6ABA500CF3F34 /* Sources */ = {
			isa = PBXSourcesBuildPhase;
			buildActionMask = 2147483647;
			files = (
				556A944727BB56AA0093AD7C /* ImageView.swift in Sources */,
				5564F1F027BBFE9000319DE7 /* TextFieldWithDebounce.swift in Sources */,
				5561608427B6D63B00CF3F34 /* PhotosModel.swift in Sources */,
				556A943D27B972790093AD7C /* NetworkServices.swift in Sources */,
				5564F20427BC357700319DE7 /* ImageDataLoader.swift in Sources */,
				5561608027B6B05500CF3F34 /* FlickrServiceHandler.swift in Sources */,
				5561605427B6ABA500CF3F34 /* ContentView.swift in Sources */,
				5561607C27B6AE3E00CF3F34 /* Flickr.swift in Sources */,
				5561608227B6C3E300CF3F34 /* PhotoView.swift in Sources */,
				5561607E27B6AE6400CF3F34 /* FlickrService.swift in Sources */,
				556A943B27B8B8D30093AD7C /* FlickrRestService.swift in Sources */,
				5564F1F627BC0BB700319DE7 /* Extensions.swift in Sources */,
				5564F1F227BBFF4500319DE7 /* PhotoItemView.swift in Sources */,
				5561608627B6DDE200CF3F34 /* PhotoDates.swift in Sources */,
				5561605227B6ABA500CF3F34 /* FlickrSearchApp.swift in Sources */,
				556A943927B851F00093AD7C /* PhotoItem.swift in Sources */,
			);
			runOnlyForDeploymentPostprocessing = 0;
		};
		5561605A27B6ABA800CF3F34 /* Sources */ = {
			isa = PBXSourcesBuildPhase;
			buildActionMask = 2147483647;
			files = (
				556A943727B7682F0093AD7C /* PhotoItemTests.swift in Sources */,
				5561608827B6E9F700CF3F34 /* PhotosModelTests.swift in Sources */,
				5561606327B6ABA800CF3F34 /* FlickrSearchTests.swift in Sources */,
			);
			runOnlyForDeploymentPostprocessing = 0;
		};
		5561606427B6ABA800CF3F34 /* Sources */ = {
			isa = PBXSourcesBuildPhase;
			buildActionMask = 2147483647;
			files = (
				5561606D27B6ABA800CF3F34 /* FlickrSearchUITests.swift in Sources */,
				5561606F27B6ABA800CF3F34 /* FlickrSearchUITestsLaunchTests.swift in Sources */,
			);
			runOnlyForDeploymentPostprocessing = 0;
		};
/* End PBXSourcesBuildPhase section */

/* Begin PBXTargetDependency section */
		5561606027B6ABA800CF3F34 /* PBXTargetDependency */ = {
			isa = PBXTargetDependency;
			target = 5561604D27B6ABA500CF3F34 /* FlickrSearch */;
			targetProxy = 5561605F27B6ABA800CF3F34 /* PBXContainerItemProxy */;
		};
		5561606A27B6ABA800CF3F34 /* PBXTargetDependency */ = {
			isa = PBXTargetDependency;
			target = 5561604D27B6ABA500CF3F34 /* FlickrSearch */;
			targetProxy = 5561606927B6ABA800CF3F34 /* PBXContainerItemProxy */;
		};
/* End PBXTargetDependency section */

/* Begin XCBuildConfiguration section */
		5561607027B6ABA800CF3F34 /* Debug */ = {
			isa = XCBuildConfiguration;
			buildSettings = {
				ALWAYS_SEARCH_USER_PATHS = NO;
				CLANG_ANALYZER_NONNULL = YES;
				CLANG_ANALYZER_NUMBER_OBJECT_CONVERSION = YES_AGGRESSIVE;
				CLANG_CXX_LANGUAGE_STANDARD = "gnu++17";
				CLANG_CXX_LIBRARY = "libc++";
				CLANG_ENABLE_MODULES = YES;
				CLANG_ENABLE_OBJC_ARC = YES;
				CLANG_ENABLE_OBJC_WEAK = YES;
				CLANG_WARN_BLOCK_CAPTURE_AUTORELEASING = YES;
				CLANG_WARN_BOOL_CONVERSION = YES;
				CLANG_WARN_COMMA = YES;
				CLANG_WARN_CONSTANT_CONVERSION = YES;
				CLANG_WARN_DEPRECATED_OBJC_IMPLEMENTATIONS = YES;
				CLANG_WARN_DIRECT_OBJC_ISA_USAGE = YES_ERROR;
				CLANG_WARN_DOCUMENTATION_COMMENTS = YES;
				CLANG_WARN_EMPTY_BODY = YES;
				CLANG_WARN_ENUM_CONVERSION = YES;
				CLANG_WARN_INFINITE_RECURSION = YES;
				CLANG_WARN_INT_CONVERSION = YES;
				CLANG_WARN_NON_LITERAL_NULL_CONVERSION = YES;
				CLANG_WARN_OBJC_IMPLICIT_RETAIN_SELF = YES;
				CLANG_WARN_OBJC_LITERAL_CONVERSION = YES;
				CLANG_WARN_OBJC_ROOT_CLASS = YES_ERROR;
				CLANG_WARN_QUOTED_INCLUDE_IN_FRAMEWORK_HEADER = YES;
				CLANG_WARN_RANGE_LOOP_ANALYSIS = YES;
				CLANG_WARN_STRICT_PROTOTYPES = YES;
				CLANG_WARN_SUSPICIOUS_MOVE = YES;
				CLANG_WARN_UNGUARDED_AVAILABILITY = YES_AGGRESSIVE;
				CLANG_WARN_UNREACHABLE_CODE = YES;
				CLANG_WARN__DUPLICATE_METHOD_MATCH = YES;
				COPY_PHASE_STRIP = NO;
				DEBUG_INFORMATION_FORMAT = dwarf;
				ENABLE_STRICT_OBJC_MSGSEND = YES;
				ENABLE_TESTABILITY = YES;
				GCC_C_LANGUAGE_STANDARD = gnu11;
				GCC_DYNAMIC_NO_PIC = NO;
				GCC_NO_COMMON_BLOCKS = YES;
				GCC_OPTIMIZATION_LEVEL = 0;
				GCC_PREPROCESSOR_DEFINITIONS = (
					"DEBUG=1",
					"$(inherited)",
				);
				GCC_WARN_64_TO_32_BIT_CONVERSION = YES;
				GCC_WARN_ABOUT_RETURN_TYPE = YES_ERROR;
				GCC_WARN_UNDECLARED_SELECTOR = YES;
				GCC_WARN_UNINITIALIZED_AUTOS = YES_AGGRESSIVE;
				GCC_WARN_UNUSED_FUNCTION = YES;
				GCC_WARN_UNUSED_VARIABLE = YES;
				IPHONEOS_DEPLOYMENT_TARGET = 15.2;
				MTL_ENABLE_DEBUG_INFO = INCLUDE_SOURCE;
				MTL_FAST_MATH = YES;
				ONLY_ACTIVE_ARCH = YES;
				SDKROOT = iphoneos;
				SWIFT_ACTIVE_COMPILATION_CONDITIONS = DEBUG;
				SWIFT_OPTIMIZATION_LEVEL = "-Onone";
			};
			name = Debug;
		};
		5561607127B6ABA800CF3F34 /* Release */ = {
			isa = XCBuildConfiguration;
			buildSettings = {
				ALWAYS_SEARCH_USER_PATHS = NO;
				CLANG_ANALYZER_NONNULL = YES;
				CLANG_ANALYZER_NUMBER_OBJECT_CONVERSION = YES_AGGRESSIVE;
				CLANG_CXX_LANGUAGE_STANDARD = "gnu++17";
				CLANG_CXX_LIBRARY = "libc++";
				CLANG_ENABLE_MODULES = YES;
				CLANG_ENABLE_OBJC_ARC = YES;
				CLANG_ENABLE_OBJC_WEAK = YES;
				CLANG_WARN_BLOCK_CAPTURE_AUTORELEASING = YES;
				CLANG_WARN_BOOL_CONVERSION = YES;
				CLANG_WARN_COMMA = YES;
				CLANG_WARN_CONSTANT_CONVERSION = YES;
				CLANG_WARN_DEPRECATED_OBJC_IMPLEMENTATIONS = YES;
				CLANG_WARN_DIRECT_OBJC_ISA_USAGE = YES_ERROR;
				CLANG_WARN_DOCUMENTATION_COMMENTS = YES;
				CLANG_WARN_EMPTY_BODY = YES;
				CLANG_WARN_ENUM_CONVERSION = YES;
				CLANG_WARN_INFINITE_RECURSION = YES;
				CLANG_WARN_INT_CONVERSION = YES;
				CLANG_WARN_NON_LITERAL_NULL_CONVERSION = YES;
				CLANG_WARN_OBJC_IMPLICIT_RETAIN_SELF = YES;
				CLANG_WARN_OBJC_LITERAL_CONVERSION = YES;
				CLANG_WARN_OBJC_ROOT_CLASS = YES_ERROR;
				CLANG_WARN_QUOTED_INCLUDE_IN_FRAMEWORK_HEADER = YES;
				CLANG_WARN_RANGE_LOOP_ANALYSIS = YES;
				CLANG_WARN_STRICT_PROTOTYPES = YES;
				CLANG_WARN_SUSPICIOUS_MOVE = YES;
				CLANG_WARN_UNGUARDED_AVAILABILITY = YES_AGGRESSIVE;
				CLANG_WARN_UNREACHABLE_CODE = YES;
				CLANG_WARN__DUPLICATE_METHOD_MATCH = YES;
				COPY_PHASE_STRIP = NO;
				DEBUG_INFORMATION_FORMAT = "dwarf-with-dsym";
				ENABLE_NS_ASSERTIONS = NO;
				ENABLE_STRICT_OBJC_MSGSEND = YES;
				GCC_C_LANGUAGE_STANDARD = gnu11;
				GCC_NO_COMMON_BLOCKS = YES;
				GCC_WARN_64_TO_32_BIT_CONVERSION = YES;
				GCC_WARN_ABOUT_RETURN_TYPE = YES_ERROR;
				GCC_WARN_UNDECLARED_SELECTOR = YES;
				GCC_WARN_UNINITIALIZED_AUTOS = YES_AGGRESSIVE;
				GCC_WARN_UNUSED_FUNCTION = YES;
				GCC_WARN_UNUSED_VARIABLE = YES;
				IPHONEOS_DEPLOYMENT_TARGET = 15.2;
				MTL_ENABLE_DEBUG_INFO = NO;
				MTL_FAST_MATH = YES;
				SDKROOT = iphoneos;
				SWIFT_COMPILATION_MODE = wholemodule;
				SWIFT_OPTIMIZATION_LEVEL = "-O";
				VALIDATE_PRODUCT = YES;
			};
			name = Release;
		};
		5561607327B6ABA800CF3F34 /* Debug */ = {
			isa = XCBuildConfiguration;
			buildSettings = {
				ASSETCATALOG_COMPILER_APPICON_NAME = AppIcon;
				ASSETCATALOG_COMPILER_GLOBAL_ACCENT_COLOR_NAME = AccentColor;
				CODE_SIGN_STYLE = Automatic;
				CURRENT_PROJECT_VERSION = 1;
				DEVELOPMENT_ASSET_PATHS = "\"FlickrSearch/Preview Content\"";
				DEVELOPMENT_TEAM = CN6KC63QNP;
				ENABLE_PREVIEWS = YES;
				GENERATE_INFOPLIST_FILE = YES;
				INFOPLIST_KEY_UIApplicationSceneManifest_Generation = YES;
				INFOPLIST_KEY_UIApplicationSupportsIndirectInputEvents = YES;
				INFOPLIST_KEY_UILaunchScreen_Generation = YES;
				INFOPLIST_KEY_UISupportedInterfaceOrientations_iPad = "UIInterfaceOrientationPortrait UIInterfaceOrientationPortraitUpsideDown UIInterfaceOrientationLandscapeLeft UIInterfaceOrientationLandscapeRight";
				INFOPLIST_KEY_UISupportedInterfaceOrientations_iPhone = "UIInterfaceOrientationPortrait UIInterfaceOrientationLandscapeLeft UIInterfaceOrientationLandscapeRight";
				IPHONEOS_DEPLOYMENT_TARGET = 14.5;
				LD_RUNPATH_SEARCH_PATHS = (
					"$(inherited)",
					"@executable_path/Frameworks",
				);
				MARKETING_VERSION = 1.0;
				PRODUCT_BUNDLE_IDENTIFIER = joker.FlickrSearch;
				PRODUCT_NAME = "$(TARGET_NAME)";
				SWIFT_EMIT_LOC_STRINGS = YES;
				SWIFT_VERSION = 5.0;
				TARGETED_DEVICE_FAMILY = "1,2";
			};
			name = Debug;
		};
		5561607427B6ABA800CF3F34 /* Release */ = {
			isa = XCBuildConfiguration;
			buildSettings = {
				ASSETCATALOG_COMPILER_APPICON_NAME = AppIcon;
				ASSETCATALOG_COMPILER_GLOBAL_ACCENT_COLOR_NAME = AccentColor;
				CODE_SIGN_STYLE = Automatic;
				CURRENT_PROJECT_VERSION = 1;
				DEVELOPMENT_ASSET_PATHS = "\"FlickrSearch/Preview Content\"";
				DEVELOPMENT_TEAM = CN6KC63QNP;
				ENABLE_PREVIEWS = YES;
				GENERATE_INFOPLIST_FILE = YES;
				INFOPLIST_KEY_UIApplicationSceneManifest_Generation = YES;
				INFOPLIST_KEY_UIApplicationSupportsIndirectInputEvents = YES;
				INFOPLIST_KEY_UILaunchScreen_Generation = YES;
				INFOPLIST_KEY_UISupportedInterfaceOrientations_iPad = "UIInterfaceOrientationPortrait UIInterfaceOrientationPortraitUpsideDown UIInterfaceOrientationLandscapeLeft UIInterfaceOrientationLandscapeRight";
				INFOPLIST_KEY_UISupportedInterfaceOrientations_iPhone = "UIInterfaceOrientationPortrait UIInterfaceOrientationLandscapeLeft UIInterfaceOrientationLandscapeRight";
				IPHONEOS_DEPLOYMENT_TARGET = 14.5;
				LD_RUNPATH_SEARCH_PATHS = (
					"$(inherited)",
					"@executable_path/Frameworks",
				);
				MARKETING_VERSION = 1.0;
				PRODUCT_BUNDLE_IDENTIFIER = joker.FlickrSearch;
				PRODUCT_NAME = "$(TARGET_NAME)";
				SWIFT_EMIT_LOC_STRINGS = YES;
				SWIFT_VERSION = 5.0;
				TARGETED_DEVICE_FAMILY = "1,2";
			};
			name = Release;
		};
		5561607627B6ABA800CF3F34 /* Debug */ = {
			isa = XCBuildConfiguration;
			buildSettings = {
				ALWAYS_EMBED_SWIFT_STANDARD_LIBRARIES = YES;
				BUNDLE_LOADER = "$(TEST_HOST)";
				CODE_SIGN_STYLE = Automatic;
				CURRENT_PROJECT_VERSION = 1;
				GENERATE_INFOPLIST_FILE = YES;
				IPHONEOS_DEPLOYMENT_TARGET = 15.2;
				MARKETING_VERSION = 1.0;
				PRODUCT_BUNDLE_IDENTIFIER = joker.FlickrSearchTests;
				PRODUCT_NAME = "$(TARGET_NAME)";
				SWIFT_EMIT_LOC_STRINGS = NO;
				SWIFT_VERSION = 5.0;
				TARGETED_DEVICE_FAMILY = "1,2";
				TEST_HOST = "$(BUILT_PRODUCTS_DIR)/FlickrSearch.app/FlickrSearch";
			};
			name = Debug;
		};
		5561607727B6ABA800CF3F34 /* Release */ = {
			isa = XCBuildConfiguration;
			buildSettings = {
				ALWAYS_EMBED_SWIFT_STANDARD_LIBRARIES = YES;
				BUNDLE_LOADER = "$(TEST_HOST)";
				CODE_SIGN_STYLE = Automatic;
				CURRENT_PROJECT_VERSION = 1;
				GENERATE_INFOPLIST_FILE = YES;
				IPHONEOS_DEPLOYMENT_TARGET = 15.2;
				MARKETING_VERSION = 1.0;
				PRODUCT_BUNDLE_IDENTIFIER = joker.FlickrSearchTests;
				PRODUCT_NAME = "$(TARGET_NAME)";
				SWIFT_EMIT_LOC_STRINGS = NO;
				SWIFT_VERSION = 5.0;
				TARGETED_DEVICE_FAMILY = "1,2";
				TEST_HOST = "$(BUILT_PRODUCTS_DIR)/FlickrSearch.app/FlickrSearch";
			};
			name = Release;
		};
		5561607927B6ABA800CF3F34 /* Debug */ = {
			isa = XCBuildConfiguration;
			buildSettings = {
				ALWAYS_EMBED_SWIFT_STANDARD_LIBRARIES = YES;
				CODE_SIGN_STYLE = Automatic;
				CURRENT_PROJECT_VERSION = 1;
				GENERATE_INFOPLIST_FILE = YES;
				MARKETING_VERSION = 1.0;
				PRODUCT_BUNDLE_IDENTIFIER = joker.FlickrSearchUITests;
				PRODUCT_NAME = "$(TARGET_NAME)";
				SWIFT_EMIT_LOC_STRINGS = NO;
				SWIFT_VERSION = 5.0;
				TARGETED_DEVICE_FAMILY = "1,2";
				TEST_TARGET_NAME = FlickrSearch;
			};
			name = Debug;
		};
		5561607A27B6ABA800CF3F34 /* Release */ = {
			isa = XCBuildConfiguration;
			buildSettings = {
				ALWAYS_EMBED_SWIFT_STANDARD_LIBRARIES = YES;
				CODE_SIGN_STYLE = Automatic;
				CURRENT_PROJECT_VERSION = 1;
				GENERATE_INFOPLIST_FILE = YES;
				MARKETING_VERSION = 1.0;
				PRODUCT_BUNDLE_IDENTIFIER = joker.FlickrSearchUITests;
				PRODUCT_NAME = "$(TARGET_NAME)";
				SWIFT_EMIT_LOC_STRINGS = NO;
				SWIFT_VERSION = 5.0;
				TARGETED_DEVICE_FAMILY = "1,2";
				TEST_TARGET_NAME = FlickrSearch;
			};
			name = Release;
		};
/* End XCBuildConfiguration section */

/* Begin XCConfigurationList section */
		5561604927B6ABA500CF3F34 /* Build configuration list for PBXProject "FlickrSearch" */ = {
			isa = XCConfigurationList;
			buildConfigurations = (
				5561607027B6ABA800CF3F34 /* Debug */,
				5561607127B6ABA800CF3F34 /* Release */,
			);
			defaultConfigurationIsVisible = 0;
			defaultConfigurationName = Release;
		};
		5561607227B6ABA800CF3F34 /* Build configuration list for PBXNativeTarget "FlickrSearch" */ = {
			isa = XCConfigurationList;
			buildConfigurations = (
				5561607327B6ABA800CF3F34 /* Debug */,
				5561607427B6ABA800CF3F34 /* Release */,
			);
			defaultConfigurationIsVisible = 0;
			defaultConfigurationName = Release;
		};
		5561607527B6ABA800CF3F34 /* Build configuration list for PBXNativeTarget "FlickrSearchTests" */ = {
			isa = XCConfigurationList;
			buildConfigurations = (
				5561607627B6ABA800CF3F34 /* Debug */,
				5561607727B6ABA800CF3F34 /* Release */,
			);
			defaultConfigurationIsVisible = 0;
			defaultConfigurationName = Release;
		};
		5561607827B6ABA800CF3F34 /* Build configuration list for PBXNativeTarget "FlickrSearchUITests" */ = {
			isa = XCConfigurationList;
			buildConfigurations = (
				5561607927B6ABA800CF3F34 /* Debug */,
				5561607A27B6ABA800CF3F34 /* Release */,
			);
			defaultConfigurationIsVisible = 0;
			defaultConfigurationName = Release;
		};
/* End XCConfigurationList section */
	};
	rootObject = 5561604627B6ABA500CF3F34 /* Project object */;
}
